
Microsoft Visual Studio Solution File, Format Version 12.00
# Visual Studio Version 16
VisualStudioVersion = 16.0.30621.155
MinimumVisualStudioVersion = 10.0.40219.1
Project("{8BC9CEB8-8B4A-11D0-8D11-00A0C91BC942}") = "EX 01", "EX 01\EX 01.vcxproj", "{86EEA088-8C77-43C4-B648-CB17E0D4356C}"
EndProject
Project("{8BC9CEB8-8B4A-11D0-8D11-00A0C91BC942}") = "EX 02", "EX 02\EX 02.vcxproj", "{30C52319-78E7-41DC-9D70-FA1AD8DCE2F9}"
EndProject
Project("{8BC9CEB8-8B4A-11D0-8D11-00A0C91BC942}") = "EX 03", "EX 03\EX 03.vcxproj", "{49609B7E-333A-414B-B194-D620B24947E1}"
EndProject
Project("{8BC9CEB8-8B4A-11D0-8D11-00A0C91BC942}") = "EX 04", "EX 04\EX 04.vcxproj", "{2962BF0E-C8E8-40C1-96ED-F93EF554CC8D}"
EndProject
Project("{8BC9CEB8-8B4A-11D0-8D11-00A0C91BC942}") = "EX 05", "EX 05\EX 05.vcxproj", "{D7B3C3BB-C73A-4CC2-A5E8-27ED0C03BDDF}"
EndProject
Project("{8BC9CEB8-8B4A-11D0-8D11-00A0C91BC942}") = "EX 06", "EX 06\EX 06.vcxproj", "{43DBAE42-103A-45CE-BCF9-A9DB9CC5F894}"
EndProject
Project("{8BC9CEB8-8B4A-11D0-8D11-00A0C91BC942}") = "EX 07", "EX 07\EX 07.vcxproj", "{BE528A44-05CD-4273-9B0C-0818E244EFFA}"
EndProject
Project("{8BC9CEB8-8B4A-11D0-8D11-00A0C91BC942}") = "EX 08", "EX 08\EX 08.vcxproj", "{39617457-1CF9-4A2E-B6F5-AB1A03E4034F}"
EndProject
Project("{8BC9CEB8-8B4A-11D0-8D11-00A0C91BC942}") = "EX 09", "EX 09\EX 09.vcxproj", "{9CCD6306-6D92-4324-BBEB-8EA5ACE6238B}"
EndProject
Project("{8BC9CEB8-8B4A-11D0-8D11-00A0C91BC942}") = "EX 10", "EX 010\EX 010.vcxproj", "{10CCA8A0-8495-4C11-9118-E55B51C54F27}"
EndProject
Project("{8BC9CEB8-8B4A-11D0-8D11-00A0C91BC942}") = "EX 11", "EX 11\EX 11.vcxproj", "{C59C806C-715F-4856-BE58-8FAE69C22C1B}"
EndProject
Global
	GlobalSection(SolutionConfigurationPlatforms) = preSolution
		Debug|x64 = Debug|x64
		Debug|x86 = Debug|x86
		Release|x64 = Release|x64
		Release|x86 = Release|x86
	EndGlobalSection
	GlobalSection(ProjectConfigurationPlatforms) = postSolution
		{86EEA088-8C77-43C4-B648-CB17E0D4356C}.Debug|x64.ActiveCfg = Debug|x64
		{86EEA088-8C77-43C4-B648-CB17E0D4356C}.Debug|x64.Build.0 = Debug|x64
		{86EEA088-8C77-43C4-B648-CB17E0D4356C}.Debug|x86.ActiveCfg = Debug|Win32
		{86EEA088-8C77-43C4-B648-CB17E0D4356C}.Debug|x86.Build.0 = Debug|Win32
		{86EEA088-8C77-43C4-B648-CB17E0D4356C}.Release|x64.ActiveCfg = Release|x64
		{86EEA088-8C77-43C4-B648-CB17E0D4356C}.Release|x64.Build.0 = Release|x64
		{86EEA088-8C77-43C4-B648-CB17E0D4356C}.Release|x86.ActiveCfg = Release|Win32
		{86EEA088-8C77-43C4-B648-CB17E0D4356C}.Release|x86.Build.0 = Release|Win32
		{30C52319-78E7-41DC-9D70-FA1AD8DCE2F9}.Debug|x64.ActiveCfg = Debug|x64
		{30C52319-78E7-41DC-9D70-FA1AD8DCE2F9}.Debug|x64.Build.0 = Debug|x64
		{30C52319-78E7-41DC-9D70-FA1AD8DCE2F9}.Debug|x86.ActiveCfg = Debug|Win32
		{30C52319-78E7-41DC-9D70-FA1AD8DCE2F9}.Debug|x86.Build.0 = Debug|Win32
		{30C52319-78E7-41DC-9D70-FA1AD8DCE2F9}.Release|x64.ActiveCfg = Release|x64
		{30C52319-78E7-41DC-9D70-FA1AD8DCE2F9}.Release|x64.Build.0 = Release|x64
		{30C52319-78E7-41DC-9D70-FA1AD8DCE2F9}.Release|x86.ActiveCfg = Release|Win32
		{30C52319-78E7-41DC-9D70-FA1AD8DCE2F9}.Release|x86.Build.0 = Release|Win32
		{49609B7E-333A-414B-B194-D620B24947E1}.Debug|x64.ActiveCfg = Debug|x64
		{49609B7E-333A-414B-B194-D620B24947E1}.Debug|x64.Build.0 = Debug|x64
		{49609B7E-333A-414B-B194-D620B24947E1}.Debug|x86.ActiveCfg = Debug|Win32
		{49609B7E-333A-414B-B194-D620B24947E1}.Debug|x86.Build.0 = Debug|Win32
		{49609B7E-333A-414B-B194-D620B24947E1}.Release|x64.ActiveCfg = Release|x64
		{49609B7E-333A-414B-B194-D620B24947E1}.Release|x64.Build.0 = Release|x64
		{49609B7E-333A-414B-B194-D620B24947E1}.Release|x86.ActiveCfg = Release|Win32
		{49609B7E-333A-414B-B194-D620B24947E1}.Release|x86.Build.0 = Release|Win32
		{2962BF0E-C8E8-40C1-96ED-F93EF554CC8D}.Debug|x64.ActiveCfg = Debug|x64
		{2962BF0E-C8E8-40C1-96ED-F93EF554CC8D}.Debug|x64.Build.0 = Debug|x64
		{2962BF0E-C8E8-40C1-96ED-F93EF554CC8D}.Debug|x86.ActiveCfg = Debug|Win32
		{2962BF0E-C8E8-40C1-96ED-F93EF554CC8D}.Debug|x86.Build.0 = Debug|Win32
		{2962BF0E-C8E8-40C1-96ED-F93EF554CC8D}.Release|x64.ActiveCfg = Release|x64
		{2962BF0E-C8E8-40C1-96ED-F93EF554CC8D}.Release|x64.Build.0 = Release|x64
		{2962BF0E-C8E8-40C1-96ED-F93EF554CC8D}.Release|x86.ActiveCfg = Release|Win32
		{2962BF0E-C8E8-40C1-96ED-F93EF554CC8D}.Release|x86.Build.0 = Release|Win32
		{D7B3C3BB-C73A-4CC2-A5E8-27ED0C03BDDF}.Debug|x64.ActiveCfg = Debug|x64
		{D7B3C3BB-C73A-4CC2-A5E8-27ED0C03BDDF}.Debug|x64.Build.0 = Debug|x64
		{D7B3C3BB-C73A-4CC2-A5E8-27ED0C03BDDF}.Debug|x86.ActiveCfg = Debug|Win32
		{D7B3C3BB-C73A-4CC2-A5E8-27ED0C03BDDF}.Debug|x86.Build.0 = Debug|Win32
		{D7B3C3BB-C73A-4CC2-A5E8-27ED0C03BDDF}.Release|x64.ActiveCfg = Release|x64
		{D7B3C3BB-C73A-4CC2-A5E8-27ED0C03BDDF}.Release|x64.Build.0 = Release|x64
		{D7B3C3BB-C73A-4CC2-A5E8-27ED0C03BDDF}.Release|x86.ActiveCfg = Release|Win32
		{D7B3C3BB-C73A-4CC2-A5E8-27ED0C03BDDF}.Release|x86.Build.0 = Release|Win32
		{43DBAE42-103A-45CE-BCF9-A9DB9CC5F894}.Debug|x64.ActiveCfg = Debug|x64
		{43DBAE42-103A-45CE-BCF9-A9DB9CC5F894}.Debug|x64.Build.0 = Debug|x64
		{43DBAE42-103A-45CE-BCF9-A9DB9CC5F894}.Debug|x86.ActiveCfg = Debug|Win32
		{43DBAE42-103A-45CE-BCF9-A9DB9CC5F894}.Debug|x86.Build.0 = Debug|Win32
		{43DBAE42-103A-45CE-BCF9-A9DB9CC5F894}.Release|x64.ActiveCfg = Release|x64
		{43DBAE42-103A-45CE-BCF9-A9DB9CC5F894}.Release|x64.Build.0 = Release|x64
		{43DBAE42-103A-45CE-BCF9-A9DB9CC5F894}.Release|x86.ActiveCfg = Release|Win32
		{43DBAE42-103A-45CE-BCF9-A9DB9CC5F894}.Release|x86.Build.0 = Release|Win32
		{BE528A44-05CD-4273-9B0C-0818E244EFFA}.Debug|x64.ActiveCfg = Debug|x64
		{BE528A44-05CD-4273-9B0C-0818E244EFFA}.Debug|x64.Build.0 = Debug|x64
		{BE528A44-05CD-4273-9B0C-0818E244EFFA}.Debug|x86.ActiveCfg = Debug|Win32
		{BE528A44-05CD-4273-9B0C-0818E244EFFA}.Debug|x86.Build.0 = Debug|Win32
		{BE528A44-05CD-4273-9B0C-0818E244EFFA}.Release|x64.ActiveCfg = Release|x64
		{BE528A44-05CD-4273-9B0C-0818E244EFFA}.Release|x64.Build.0 = Release|x64
		{BE528A44-05CD-4273-9B0C-0818E244EFFA}.Release|x86.ActiveCfg = Release|Win32
		{BE528A44-05CD-4273-9B0C-0818E244EFFA}.Release|x86.Build.0 = Release|Win32
		{39617457-1CF9-4A2E-B6F5-AB1A03E4034F}.Debug|x64.ActiveCfg = Debug|x64
		{39617457-1CF9-4A2E-B6F5-AB1A03E4034F}.Debug|x64.Build.0 = Debug|x64
		{39617457-1CF9-4A2E-B6F5-AB1A03E4034F}.Debug|x86.ActiveCfg = Debug|Win32
		{39617457-1CF9-4A2E-B6F5-AB1A03E4034F}.Debug|x86.Build.0 = Debug|Win32
		{39617457-1CF9-4A2E-B6F5-AB1A03E4034F}.Release|x64.ActiveCfg = Release|x64
		{39617457-1CF9-4A2E-B6F5-AB1A03E4034F}.Release|x64.Build.0 = Release|x64
		{39617457-1CF9-4A2E-B6F5-AB1A03E4034F}.Release|x86.ActiveCfg = Release|Win32
		{39617457-1CF9-4A2E-B6F5-AB1A03E4034F}.Release|x86.Build.0 = Release|Win32
		{9CCD6306-6D92-4324-BBEB-8EA5ACE6238B}.Debug|x64.ActiveCfg = Debug|x64
		{9CCD6306-6D92-4324-BBEB-8EA5ACE6238B}.Debug|x64.Build.0 = Debug|x64
		{9CCD6306-6D92-4324-BBEB-8EA5ACE6238B}.Debug|x86.ActiveCfg = Debug|Win32
		{9CCD6306-6D92-4324-BBEB-8EA5ACE6238B}.Debug|x86.Build.0 = Debug|Win32
		{9CCD6306-6D92-4324-BBEB-8EA5ACE6238B}.Release|x64.ActiveCfg = Release|x64
		{9CCD6306-6D92-4324-BBEB-8EA5ACE6238B}.Release|x64.Build.0 = Release|x64
		{9CCD6306-6D92-4324-BBEB-8EA5ACE6238B}.Release|x86.ActiveCfg = Release|Win32
		{9CCD6306-6D92-4324-BBEB-8EA5ACE6238B}.Release|x86.Build.0 = Release|Win32
		{10CCA8A0-8495-4C11-9118-E55B51C54F27}.Debug|x64.ActiveCfg = Debug|x64
		{10CCA8A0-8495-4C11-9118-E55B51C54F27}.Debug|x64.Build.0 = Debug|x64
		{10CCA8A0-8495-4C11-9118-E55B51C54F27}.Debug|x86.ActiveCfg = Debug|Win32
		{10CCA8A0-8495-4C11-9118-E55B51C54F27}.Debug|x86.Build.0 = Debug|Win32
		{10CCA8A0-8495-4C11-9118-E55B51C54F27}.Release|x64.ActiveCfg = Release|x64
		{10CCA8A0-8495-4C11-9118-E55B51C54F27}.Release|x64.Build.0 = Release|x64
		{10CCA8A0-8495-4C11-9118-E55B51C54F27}.Release|x86.ActiveCfg = Release|Win32
		{10CCA8A0-8495-4C11-9118-E55B51C54F27}.Release|x86.Build.0 = Release|Win32
		{C59C806C-715F-4856-BE58-8FAE69C22C1B}.Debug|x64.ActiveCfg = Debug|x64
		{C59C806C-715F-4856-BE58-8FAE69C22C1B}.Debug|x64.Build.0 = Debug|x64
		{C59C806C-715F-4856-BE58-8FAE69C22C1B}.Debug|x86.ActiveCfg = Debug|Win32
		{C59C806C-715F-4856-BE58-8FAE69C22C1B}.Debug|x86.Build.0 = Debug|Win32
		{C59C806C-715F-4856-BE58-8FAE69C22C1B}.Release|x64.ActiveCfg = Release|x64
		{C59C806C-715F-4856-BE58-8FAE69C22C1B}.Release|x64.Build.0 = Release|x64
		{C59C806C-715F-4856-BE58-8FAE69C22C1B}.Release|x86.ActiveCfg = Release|Win32
		{C59C806C-715F-4856-BE58-8FAE69C22C1B}.Release|x86.Build.0 = Release|Win32
	EndGlobalSection
	GlobalSection(SolutionProperties) = preSolution
		HideSolutionNode = FALSE
	EndGlobalSection
	GlobalSection(ExtensibilityGlobals) = postSolution
		SolutionGuid = {7CB952BB-9351-4F88-BD91-AC9BBADD4EDC}
	EndGlobalSection
EndGlobal
