
Microsoft Visual Studio Solution File, Format Version 12.00
# Visual Studio Version 16
VisualStudioVersion = 16.0.30621.155
MinimumVisualStudioVersion = 10.0.40219.1
Project("{8BC9CEB8-8B4A-11D0-8D11-00A0C91BC942}") = "EX 01 - Pedir e mostrar dados Utilizador", "EX 01\EX 01.vcxproj", "{86EEA088-8C77-43C4-B648-CB17E0D4356C}"
EndProject
Project("{8BC9CEB8-8B4A-11D0-8D11-00A0C91BC942}") = "EX 02 - Letra 'F'", "EX 02\EX 02.vcxproj", "{30C52319-78E7-41DC-9D70-FA1AD8DCE2F9}"
EndProject
Project("{8BC9CEB8-8B4A-11D0-8D11-00A0C91BC942}") = "EX 03 - Area e Perimetro do triangulo", "EX 03\EX 03.vcxproj", "{49609B7E-333A-414B-B194-D620B24947E1}"
EndProject
Project("{8BC9CEB8-8B4A-11D0-8D11-00A0C91BC942}") = "EX 04 - Area e Perimetro do circulo", "EX 04\EX 04.vcxproj", "{2962BF0E-C8E8-40C1-96ED-F93EF554CC8D}"
EndProject
Project("{8BC9CEB8-8B4A-11D0-8D11-00A0C91BC942}") = "EX 05 - Apresentar operacoes", "EX 05\EX 05.vcxproj", "{D7B3C3BB-C73A-4CC2-A5E8-27ED0C03BDDF}"
EndProject
Project("{8BC9CEB8-8B4A-11D0-8D11-00A0C91BC942}") = "EX 06 - Conversao de dias", "EX 06\EX 06.vcxproj", "{43DBAE42-103A-45CE-BCF9-A9DB9CC5F894}"
EndProject
Project("{8BC9CEB8-8B4A-11D0-8D11-00A0C91BC942}") = "EX 07 - Valor medio de artigos", "EX 07\EX 07.vcxproj", "{BE528A44-05CD-4273-9B0C-0818E244EFFA}"
EndProject
Project("{8BC9CEB8-8B4A-11D0-8D11-00A0C91BC942}") = "EX 08 - Nome e salario de funcionario", "EX 08\EX 08.vcxproj", "{39617457-1CF9-4A2E-B6F5-AB1A03E4034F}"
EndProject
Project("{8BC9CEB8-8B4A-11D0-8D11-00A0C91BC942}") = "EX 09 - Calcular Comprimento Vetor", "EX 09\EX 09.vcxproj", "{9CCD6306-6D92-4324-BBEB-8EA5ACE6238B}"
EndProject
Project("{8BC9CEB8-8B4A-11D0-8D11-00A0C91BC942}") = "EX 10 - Raizes,Formula Resolvente", "EX 010\EX 010.vcxproj", "{10CCA8A0-8495-4C11-9118-E55B51C54F27}"
EndProject
Project("{8BC9CEB8-8B4A-11D0-8D11-00A0C91BC942}") = "EX 11 - Calcular IMC", "EX 11\EX 11.vcxproj", "{C59C806C-715F-4856-BE58-8FAE69C22C1B}"
EndProject
Project("{8BC9CEB8-8B4A-11D0-8D11-00A0C91BC942}") = "EX 3.09 - Verificar se valor par", "EX 3.9\EX 3.9.vcxproj", "{BB37DFE1-F754-4110-B778-BC08F75918D8}"
EndProject
Project("{8BC9CEB8-8B4A-11D0-8D11-00A0C91BC942}") = "EX 3.10 - Maior de 2 valores", "EX 3.10\EX 3.10.vcxproj", "{DAA72AD9-10DA-42FD-8C82-B5785D999F86}"
EndProject
Project("{8BC9CEB8-8B4A-11D0-8D11-00A0C91BC942}") = "EX 3.11 - Maior de 3 valores", "EX 3.11\EX 3.11.vcxproj", "{0F350B76-B3CC-44DE-9146-171642811763}"
EndProject
Project("{8BC9CEB8-8B4A-11D0-8D11-00A0C91BC942}") = "EX 3.12 - Maior String", "EX 3.12\EX 3.12.vcxproj", "{8E9960CA-7F17-42D1-984E-8BB078BBDD6C}"
EndProject
Project("{8BC9CEB8-8B4A-11D0-8D11-00A0C91BC942}") = "EX 3.13 - Inclusao de String", "EX 3.13\EX 3.13.vcxproj", "{DC74E547-B8A2-4C34-B872-FA1782FCACB8}"
EndProject
Project("{8BC9CEB8-8B4A-11D0-8D11-00A0C91BC942}") = "EX 4.14 - Pedir Valor Inteiro e apresentar Tabuada", "EX 4.14\EX 4.14.vcxproj", "{B6081D6B-DC54-463A-B962-2F0C7EBBB897}"
EndProject
Project("{8BC9CEB8-8B4A-11D0-8D11-00A0C91BC942}") = "EX 4.15 - Pedir 10 valores e mostrar a soma", "EX 4.15\EX 4.15.vcxproj", "{9D89360D-F33A-4608-93B0-D5BA2F9B674A}"
EndProject
Project("{8BC9CEB8-8B4A-11D0-8D11-00A0C91BC942}") = "EX 4.16 - Pedir 10 valores e mostrar soma e media", "EX 4.16\EX 4.16.vcxproj", "{CE8DD25C-F8E2-4446-A4B9-06C86D680CF6}"
EndProject
Project("{8BC9CEB8-8B4A-11D0-8D11-00A0C91BC942}") = "EX 4.17 - Pedir n valores e mostrar soma e media", "EX 4.17\EX 4.17.vcxproj", "{D80FE2C7-4299-4821-B557-1CCDCE67BF57}"
EndProject
Global
	GlobalSection(SolutionConfigurationPlatforms) = preSolution
		Debug|x64 = Debug|x64
		Debug|x86 = Debug|x86
		Release|x64 = Release|x64
		Release|x86 = Release|x86
	EndGlobalSection
	GlobalSection(ProjectConfigurationPlatforms) = postSolution
		{86EEA088-8C77-43C4-B648-CB17E0D4356C}.Debug|x64.ActiveCfg = Debug|x64
		{86EEA088-8C77-43C4-B648-CB17E0D4356C}.Debug|x64.Build.0 = Debug|x64
		{86EEA088-8C77-43C4-B648-CB17E0D4356C}.Debug|x86.ActiveCfg = Debug|Win32
		{86EEA088-8C77-43C4-B648-CB17E0D4356C}.Debug|x86.Build.0 = Debug|Win32
		{86EEA088-8C77-43C4-B648-CB17E0D4356C}.Release|x64.ActiveCfg = Release|x64
		{86EEA088-8C77-43C4-B648-CB17E0D4356C}.Release|x64.Build.0 = Release|x64
		{86EEA088-8C77-43C4-B648-CB17E0D4356C}.Release|x86.ActiveCfg = Release|Win32
		{86EEA088-8C77-43C4-B648-CB17E0D4356C}.Release|x86.Build.0 = Release|Win32
		{30C52319-78E7-41DC-9D70-FA1AD8DCE2F9}.Debug|x64.ActiveCfg = Debug|x64
		{30C52319-78E7-41DC-9D70-FA1AD8DCE2F9}.Debug|x64.Build.0 = Debug|x64
		{30C52319-78E7-41DC-9D70-FA1AD8DCE2F9}.Debug|x86.ActiveCfg = Debug|Win32
		{30C52319-78E7-41DC-9D70-FA1AD8DCE2F9}.Debug|x86.Build.0 = Debug|Win32
		{30C52319-78E7-41DC-9D70-FA1AD8DCE2F9}.Release|x64.ActiveCfg = Release|x64
		{30C52319-78E7-41DC-9D70-FA1AD8DCE2F9}.Release|x64.Build.0 = Release|x64
		{30C52319-78E7-41DC-9D70-FA1AD8DCE2F9}.Release|x86.ActiveCfg = Release|Win32
		{30C52319-78E7-41DC-9D70-FA1AD8DCE2F9}.Release|x86.Build.0 = Release|Win32
		{49609B7E-333A-414B-B194-D620B24947E1}.Debug|x64.ActiveCfg = Debug|x64
		{49609B7E-333A-414B-B194-D620B24947E1}.Debug|x64.Build.0 = Debug|x64
		{49609B7E-333A-414B-B194-D620B24947E1}.Debug|x86.ActiveCfg = Debug|Win32
		{49609B7E-333A-414B-B194-D620B24947E1}.Debug|x86.Build.0 = Debug|Win32
		{49609B7E-333A-414B-B194-D620B24947E1}.Release|x64.ActiveCfg = Release|x64
		{49609B7E-333A-414B-B194-D620B24947E1}.Release|x64.Build.0 = Release|x64
		{49609B7E-333A-414B-B194-D620B24947E1}.Release|x86.ActiveCfg = Release|Win32
		{49609B7E-333A-414B-B194-D620B24947E1}.Release|x86.Build.0 = Release|Win32
		{2962BF0E-C8E8-40C1-96ED-F93EF554CC8D}.Debug|x64.ActiveCfg = Debug|x64
		{2962BF0E-C8E8-40C1-96ED-F93EF554CC8D}.Debug|x64.Build.0 = Debug|x64
		{2962BF0E-C8E8-40C1-96ED-F93EF554CC8D}.Debug|x86.ActiveCfg = Debug|Win32
		{2962BF0E-C8E8-40C1-96ED-F93EF554CC8D}.Debug|x86.Build.0 = Debug|Win32
		{2962BF0E-C8E8-40C1-96ED-F93EF554CC8D}.Release|x64.ActiveCfg = Release|x64
		{2962BF0E-C8E8-40C1-96ED-F93EF554CC8D}.Release|x64.Build.0 = Release|x64
		{2962BF0E-C8E8-40C1-96ED-F93EF554CC8D}.Release|x86.ActiveCfg = Release|Win32
		{2962BF0E-C8E8-40C1-96ED-F93EF554CC8D}.Release|x86.Build.0 = Release|Win32
		{D7B3C3BB-C73A-4CC2-A5E8-27ED0C03BDDF}.Debug|x64.ActiveCfg = Debug|x64
		{D7B3C3BB-C73A-4CC2-A5E8-27ED0C03BDDF}.Debug|x64.Build.0 = Debug|x64
		{D7B3C3BB-C73A-4CC2-A5E8-27ED0C03BDDF}.Debug|x86.ActiveCfg = Debug|Win32
		{D7B3C3BB-C73A-4CC2-A5E8-27ED0C03BDDF}.Debug|x86.Build.0 = Debug|Win32
		{D7B3C3BB-C73A-4CC2-A5E8-27ED0C03BDDF}.Release|x64.ActiveCfg = Release|x64
		{D7B3C3BB-C73A-4CC2-A5E8-27ED0C03BDDF}.Release|x64.Build.0 = Release|x64
		{D7B3C3BB-C73A-4CC2-A5E8-27ED0C03BDDF}.Release|x86.ActiveCfg = Release|Win32
		{D7B3C3BB-C73A-4CC2-A5E8-27ED0C03BDDF}.Release|x86.Build.0 = Release|Win32
		{43DBAE42-103A-45CE-BCF9-A9DB9CC5F894}.Debug|x64.ActiveCfg = Debug|x64
		{43DBAE42-103A-45CE-BCF9-A9DB9CC5F894}.Debug|x64.Build.0 = Debug|x64
		{43DBAE42-103A-45CE-BCF9-A9DB9CC5F894}.Debug|x86.ActiveCfg = Debug|Win32
		{43DBAE42-103A-45CE-BCF9-A9DB9CC5F894}.Debug|x86.Build.0 = Debug|Win32
		{43DBAE42-103A-45CE-BCF9-A9DB9CC5F894}.Release|x64.ActiveCfg = Release|x64
		{43DBAE42-103A-45CE-BCF9-A9DB9CC5F894}.Release|x64.Build.0 = Release|x64
		{43DBAE42-103A-45CE-BCF9-A9DB9CC5F894}.Release|x86.ActiveCfg = Release|Win32
		{43DBAE42-103A-45CE-BCF9-A9DB9CC5F894}.Release|x86.Build.0 = Release|Win32
		{BE528A44-05CD-4273-9B0C-0818E244EFFA}.Debug|x64.ActiveCfg = Debug|x64
		{BE528A44-05CD-4273-9B0C-0818E244EFFA}.Debug|x64.Build.0 = Debug|x64
		{BE528A44-05CD-4273-9B0C-0818E244EFFA}.Debug|x86.ActiveCfg = Debug|Win32
		{BE528A44-05CD-4273-9B0C-0818E244EFFA}.Debug|x86.Build.0 = Debug|Win32
		{BE528A44-05CD-4273-9B0C-0818E244EFFA}.Release|x64.ActiveCfg = Release|x64
		{BE528A44-05CD-4273-9B0C-0818E244EFFA}.Release|x64.Build.0 = Release|x64
		{BE528A44-05CD-4273-9B0C-0818E244EFFA}.Release|x86.ActiveCfg = Release|Win32
		{BE528A44-05CD-4273-9B0C-0818E244EFFA}.Release|x86.Build.0 = Release|Win32
		{39617457-1CF9-4A2E-B6F5-AB1A03E4034F}.Debug|x64.ActiveCfg = Debug|x64
		{39617457-1CF9-4A2E-B6F5-AB1A03E4034F}.Debug|x64.Build.0 = Debug|x64
		{39617457-1CF9-4A2E-B6F5-AB1A03E4034F}.Debug|x86.ActiveCfg = Debug|Win32
		{39617457-1CF9-4A2E-B6F5-AB1A03E4034F}.Debug|x86.Build.0 = Debug|Win32
		{39617457-1CF9-4A2E-B6F5-AB1A03E4034F}.Release|x64.ActiveCfg = Release|x64
		{39617457-1CF9-4A2E-B6F5-AB1A03E4034F}.Release|x64.Build.0 = Release|x64
		{39617457-1CF9-4A2E-B6F5-AB1A03E4034F}.Release|x86.ActiveCfg = Release|Win32
		{39617457-1CF9-4A2E-B6F5-AB1A03E4034F}.Release|x86.Build.0 = Release|Win32
		{9CCD6306-6D92-4324-BBEB-8EA5ACE6238B}.Debug|x64.ActiveCfg = Debug|x64
		{9CCD6306-6D92-4324-BBEB-8EA5ACE6238B}.Debug|x64.Build.0 = Debug|x64
		{9CCD6306-6D92-4324-BBEB-8EA5ACE6238B}.Debug|x86.ActiveCfg = Debug|Win32
		{9CCD6306-6D92-4324-BBEB-8EA5ACE6238B}.Debug|x86.Build.0 = Debug|Win32
		{9CCD6306-6D92-4324-BBEB-8EA5ACE6238B}.Release|x64.ActiveCfg = Release|x64
		{9CCD6306-6D92-4324-BBEB-8EA5ACE6238B}.Release|x64.Build.0 = Release|x64
		{9CCD6306-6D92-4324-BBEB-8EA5ACE6238B}.Release|x86.ActiveCfg = Release|Win32
		{9CCD6306-6D92-4324-BBEB-8EA5ACE6238B}.Release|x86.Build.0 = Release|Win32
		{10CCA8A0-8495-4C11-9118-E55B51C54F27}.Debug|x64.ActiveCfg = Debug|x64
		{10CCA8A0-8495-4C11-9118-E55B51C54F27}.Debug|x64.Build.0 = Debug|x64
		{10CCA8A0-8495-4C11-9118-E55B51C54F27}.Debug|x86.ActiveCfg = Debug|Win32
		{10CCA8A0-8495-4C11-9118-E55B51C54F27}.Debug|x86.Build.0 = Debug|Win32
		{10CCA8A0-8495-4C11-9118-E55B51C54F27}.Release|x64.ActiveCfg = Release|x64
		{10CCA8A0-8495-4C11-9118-E55B51C54F27}.Release|x64.Build.0 = Release|x64
		{10CCA8A0-8495-4C11-9118-E55B51C54F27}.Release|x86.ActiveCfg = Release|Win32
		{10CCA8A0-8495-4C11-9118-E55B51C54F27}.Release|x86.Build.0 = Release|Win32
		{C59C806C-715F-4856-BE58-8FAE69C22C1B}.Debug|x64.ActiveCfg = Debug|x64
		{C59C806C-715F-4856-BE58-8FAE69C22C1B}.Debug|x64.Build.0 = Debug|x64
		{C59C806C-715F-4856-BE58-8FAE69C22C1B}.Debug|x86.ActiveCfg = Debug|Win32
		{C59C806C-715F-4856-BE58-8FAE69C22C1B}.Debug|x86.Build.0 = Debug|Win32
		{C59C806C-715F-4856-BE58-8FAE69C22C1B}.Release|x64.ActiveCfg = Release|x64
		{C59C806C-715F-4856-BE58-8FAE69C22C1B}.Release|x64.Build.0 = Release|x64
		{C59C806C-715F-4856-BE58-8FAE69C22C1B}.Release|x86.ActiveCfg = Release|Win32
		{C59C806C-715F-4856-BE58-8FAE69C22C1B}.Release|x86.Build.0 = Release|Win32
		{BB37DFE1-F754-4110-B778-BC08F75918D8}.Debug|x64.ActiveCfg = Debug|x64
		{BB37DFE1-F754-4110-B778-BC08F75918D8}.Debug|x64.Build.0 = Debug|x64
		{BB37DFE1-F754-4110-B778-BC08F75918D8}.Debug|x86.ActiveCfg = Debug|Win32
		{BB37DFE1-F754-4110-B778-BC08F75918D8}.Debug|x86.Build.0 = Debug|Win32
		{BB37DFE1-F754-4110-B778-BC08F75918D8}.Release|x64.ActiveCfg = Release|x64
		{BB37DFE1-F754-4110-B778-BC08F75918D8}.Release|x64.Build.0 = Release|x64
		{BB37DFE1-F754-4110-B778-BC08F75918D8}.Release|x86.ActiveCfg = Release|Win32
		{BB37DFE1-F754-4110-B778-BC08F75918D8}.Release|x86.Build.0 = Release|Win32
		{DAA72AD9-10DA-42FD-8C82-B5785D999F86}.Debug|x64.ActiveCfg = Debug|x64
		{DAA72AD9-10DA-42FD-8C82-B5785D999F86}.Debug|x64.Build.0 = Debug|x64
		{DAA72AD9-10DA-42FD-8C82-B5785D999F86}.Debug|x86.ActiveCfg = Debug|Win32
		{DAA72AD9-10DA-42FD-8C82-B5785D999F86}.Debug|x86.Build.0 = Debug|Win32
		{DAA72AD9-10DA-42FD-8C82-B5785D999F86}.Release|x64.ActiveCfg = Release|x64
		{DAA72AD9-10DA-42FD-8C82-B5785D999F86}.Release|x64.Build.0 = Release|x64
		{DAA72AD9-10DA-42FD-8C82-B5785D999F86}.Release|x86.ActiveCfg = Release|Win32
		{DAA72AD9-10DA-42FD-8C82-B5785D999F86}.Release|x86.Build.0 = Release|Win32
		{0F350B76-B3CC-44DE-9146-171642811763}.Debug|x64.ActiveCfg = Debug|x64
		{0F350B76-B3CC-44DE-9146-171642811763}.Debug|x64.Build.0 = Debug|x64
		{0F350B76-B3CC-44DE-9146-171642811763}.Debug|x86.ActiveCfg = Debug|Win32
		{0F350B76-B3CC-44DE-9146-171642811763}.Debug|x86.Build.0 = Debug|Win32
		{0F350B76-B3CC-44DE-9146-171642811763}.Release|x64.ActiveCfg = Release|x64
		{0F350B76-B3CC-44DE-9146-171642811763}.Release|x64.Build.0 = Release|x64
		{0F350B76-B3CC-44DE-9146-171642811763}.Release|x86.ActiveCfg = Release|Win32
		{0F350B76-B3CC-44DE-9146-171642811763}.Release|x86.Build.0 = Release|Win32
		{8E9960CA-7F17-42D1-984E-8BB078BBDD6C}.Debug|x64.ActiveCfg = Debug|x64
		{8E9960CA-7F17-42D1-984E-8BB078BBDD6C}.Debug|x64.Build.0 = Debug|x64
		{8E9960CA-7F17-42D1-984E-8BB078BBDD6C}.Debug|x86.ActiveCfg = Debug|Win32
		{8E9960CA-7F17-42D1-984E-8BB078BBDD6C}.Debug|x86.Build.0 = Debug|Win32
		{8E9960CA-7F17-42D1-984E-8BB078BBDD6C}.Release|x64.ActiveCfg = Release|x64
		{8E9960CA-7F17-42D1-984E-8BB078BBDD6C}.Release|x64.Build.0 = Release|x64
		{8E9960CA-7F17-42D1-984E-8BB078BBDD6C}.Release|x86.ActiveCfg = Release|Win32
		{8E9960CA-7F17-42D1-984E-8BB078BBDD6C}.Release|x86.Build.0 = Release|Win32
		{DC74E547-B8A2-4C34-B872-FA1782FCACB8}.Debug|x64.ActiveCfg = Debug|x64
		{DC74E547-B8A2-4C34-B872-FA1782FCACB8}.Debug|x64.Build.0 = Debug|x64
		{DC74E547-B8A2-4C34-B872-FA1782FCACB8}.Debug|x86.ActiveCfg = Debug|Win32
		{DC74E547-B8A2-4C34-B872-FA1782FCACB8}.Debug|x86.Build.0 = Debug|Win32
		{DC74E547-B8A2-4C34-B872-FA1782FCACB8}.Release|x64.ActiveCfg = Release|x64
		{DC74E547-B8A2-4C34-B872-FA1782FCACB8}.Release|x64.Build.0 = Release|x64
		{DC74E547-B8A2-4C34-B872-FA1782FCACB8}.Release|x86.ActiveCfg = Release|Win32
		{DC74E547-B8A2-4C34-B872-FA1782FCACB8}.Release|x86.Build.0 = Release|Win32
		{B6081D6B-DC54-463A-B962-2F0C7EBBB897}.Debug|x64.ActiveCfg = Debug|x64
		{B6081D6B-DC54-463A-B962-2F0C7EBBB897}.Debug|x64.Build.0 = Debug|x64
		{B6081D6B-DC54-463A-B962-2F0C7EBBB897}.Debug|x86.ActiveCfg = Debug|Win32
		{B6081D6B-DC54-463A-B962-2F0C7EBBB897}.Debug|x86.Build.0 = Debug|Win32
		{B6081D6B-DC54-463A-B962-2F0C7EBBB897}.Release|x64.ActiveCfg = Release|x64
		{B6081D6B-DC54-463A-B962-2F0C7EBBB897}.Release|x64.Build.0 = Release|x64
		{B6081D6B-DC54-463A-B962-2F0C7EBBB897}.Release|x86.ActiveCfg = Release|Win32
		{B6081D6B-DC54-463A-B962-2F0C7EBBB897}.Release|x86.Build.0 = Release|Win32
		{9D89360D-F33A-4608-93B0-D5BA2F9B674A}.Debug|x64.ActiveCfg = Debug|x64
		{9D89360D-F33A-4608-93B0-D5BA2F9B674A}.Debug|x64.Build.0 = Debug|x64
		{9D89360D-F33A-4608-93B0-D5BA2F9B674A}.Debug|x86.ActiveCfg = Debug|Win32
		{9D89360D-F33A-4608-93B0-D5BA2F9B674A}.Debug|x86.Build.0 = Debug|Win32
		{9D89360D-F33A-4608-93B0-D5BA2F9B674A}.Release|x64.ActiveCfg = Release|x64
		{9D89360D-F33A-4608-93B0-D5BA2F9B674A}.Release|x64.Build.0 = Release|x64
		{9D89360D-F33A-4608-93B0-D5BA2F9B674A}.Release|x86.ActiveCfg = Release|Win32
		{9D89360D-F33A-4608-93B0-D5BA2F9B674A}.Release|x86.Build.0 = Release|Win32
		{CE8DD25C-F8E2-4446-A4B9-06C86D680CF6}.Debug|x64.ActiveCfg = Debug|x64
		{CE8DD25C-F8E2-4446-A4B9-06C86D680CF6}.Debug|x64.Build.0 = Debug|x64
		{CE8DD25C-F8E2-4446-A4B9-06C86D680CF6}.Debug|x86.ActiveCfg = Debug|Win32
		{CE8DD25C-F8E2-4446-A4B9-06C86D680CF6}.Debug|x86.Build.0 = Debug|Win32
		{CE8DD25C-F8E2-4446-A4B9-06C86D680CF6}.Release|x64.ActiveCfg = Release|x64
		{CE8DD25C-F8E2-4446-A4B9-06C86D680CF6}.Release|x64.Build.0 = Release|x64
		{CE8DD25C-F8E2-4446-A4B9-06C86D680CF6}.Release|x86.ActiveCfg = Release|Win32
		{CE8DD25C-F8E2-4446-A4B9-06C86D680CF6}.Release|x86.Build.0 = Release|Win32
		{D80FE2C7-4299-4821-B557-1CCDCE67BF57}.Debug|x64.ActiveCfg = Debug|x64
		{D80FE2C7-4299-4821-B557-1CCDCE67BF57}.Debug|x64.Build.0 = Debug|x64
		{D80FE2C7-4299-4821-B557-1CCDCE67BF57}.Debug|x86.ActiveCfg = Debug|Win32
		{D80FE2C7-4299-4821-B557-1CCDCE67BF57}.Debug|x86.Build.0 = Debug|Win32
		{D80FE2C7-4299-4821-B557-1CCDCE67BF57}.Release|x64.ActiveCfg = Release|x64
		{D80FE2C7-4299-4821-B557-1CCDCE67BF57}.Release|x64.Build.0 = Release|x64
		{D80FE2C7-4299-4821-B557-1CCDCE67BF57}.Release|x86.ActiveCfg = Release|Win32
		{D80FE2C7-4299-4821-B557-1CCDCE67BF57}.Release|x86.Build.0 = Release|Win32
	EndGlobalSection
	GlobalSection(SolutionProperties) = preSolution
		HideSolutionNode = FALSE
	EndGlobalSection
	GlobalSection(ExtensibilityGlobals) = postSolution
		SolutionGuid = {7CB952BB-9351-4F88-BD91-AC9BBADD4EDC}
	EndGlobalSection
EndGlobal
